
Microsoft Visual Studio Solution File, Format Version 12.00
# Visual Studio Version 17
VisualStudioVersion = 17.4.33110.190
MinimumVisualStudioVersion = 10.0.40219.1
Project("{8BC9CEB8-8B4A-11D0-8D11-00A0C91BC942}") = "testCuda", "testCuda.vcxproj", "{F205D226-0E21-4BC1-B883-56D21C51BB76}"
EndProject
Global
	GlobalSection(SolutionConfigurationPlatforms) = preSolution
		Debug|x64 = Debug|x64
		Release|x64 = Release|x64
	EndGlobalSection
	GlobalSection(ProjectConfigurationPlatforms) = postSolution
		{F205D226-0E21-4BC1-B883-56D21C51BB76}.Debug|x64.ActiveCfg = Debug|x64
		{F205D226-0E21-4BC1-B883-56D21C51BB76}.Debug|x64.Build.0 = Debug|x64
		{F205D226-0E21-4BC1-B883-56D21C51BB76}.Release|x64.ActiveCfg = Release|x64
		{F205D226-0E21-4BC1-B883-56D21C51BB76}.Release|x64.Build.0 = Release|x64
	EndGlobalSection
	GlobalSection(SolutionProperties) = preSolution
		HideSolutionNode = FALSE
	EndGlobalSection
	GlobalSection(ExtensibilityGlobals) = postSolution
		SolutionGuid = {DD916D57-FB63-4DF3-9584-A029C5A697BC}
	EndGlobalSection
EndGlobal
